// !$*UTF8*$!
{
	archiveVersion = 1;
	classes = {
	};
	objectVersion = 46;
	objects = {

/* Begin PBXBuildFile section */
		AEB26AF91CFE3CDF0050FFA1 /* main.m in Sources */ = {isa = PBXBuildFile; fileRef = AEB26AF81CFE3CDF0050FFA1 /* main.m */; };
		AEB26AFC1CFE3CDF0050FFA1 /* AppDelegate.m in Sources */ = {isa = PBXBuildFile; fileRef = AEB26AFB1CFE3CDF0050FFA1 /* AppDelegate.m */; };
		AEB26AFF1CFE3CDF0050FFA1 /* Start.m in Sources */ = {isa = PBXBuildFile; fileRef = AEB26AFE1CFE3CDF0050FFA1 /* Start.m */; };
		AEB26B021CFE3CDF0050FFA1 /* Main.storyboard in Resources */ = {isa = PBXBuildFile; fileRef = AEB26B001CFE3CDF0050FFA1 /* Main.storyboard */; };
		AEB26B051CFE3CE00050FFA1 /* Lab3GameOfThrones.xcdatamodeld in Sources */ = {isa = PBXBuildFile; fileRef = AEB26B031CFE3CDF0050FFA1 /* Lab3GameOfThrones.xcdatamodeld */; };
		AEB26B071CFE3CE00050FFA1 /* Assets.xcassets in Resources */ = {isa = PBXBuildFile; fileRef = AEB26B061CFE3CE00050FFA1 /* Assets.xcassets */; };
		AEB26B0A1CFE3CE00050FFA1 /* LaunchScreen.storyboard in Resources */ = {isa = PBXBuildFile; fileRef = AEB26B081CFE3CE00050FFA1 /* LaunchScreen.storyboard */; };
		AEB26B1A1CFE74220050FFA1 /* Joffrey.png in Resources */ = {isa = PBXBuildFile; fileRef = AEB26B161CFE74220050FFA1 /* Joffrey.png */; };
		AEB26B1B1CFE74220050FFA1 /* prince oberyn.jpg in Resources */ = {isa = PBXBuildFile; fileRef = AEB26B171CFE74220050FFA1 /* prince oberyn.jpg */; };
		AEB26B1C1CFE74220050FFA1 /* robert baratheon.jpg in Resources */ = {isa = PBXBuildFile; fileRef = AEB26B181CFE74220050FFA1 /* robert baratheon.jpg */; };
		AEB26B1D1CFE74220050FFA1 /* Shireen Baratheon.png in Resources */ = {isa = PBXBuildFile; fileRef = AEB26B191CFE74220050FFA1 /* Shireen Baratheon.png */; };
/* End PBXBuildFile section */

/* Begin PBXFileReference section */
		AEB26AF41CFE3CDF0050FFA1 /* Lab3GameOfThrones.app */ = {isa = PBXFileReference; explicitFileType = wrapper.application; includeInIndex = 0; path = Lab3GameOfThrones.app; sourceTree = BUILT_PRODUCTS_DIR; };
		AEB26AF81CFE3CDF0050FFA1 /* main.m */ = {isa = PBXFileReference; lastKnownFileType = sourcecode.c.objc; path = main.m; sourceTree = "<group>"; };
		AEB26AFA1CFE3CDF0050FFA1 /* AppDelegate.h */ = {isa = PBXFileReference; lastKnownFileType = sourcecode.c.h; path = AppDelegate.h; sourceTree = "<group>"; };
		AEB26AFB1CFE3CDF0050FFA1 /* AppDelegate.m */ = {isa = PBXFileReference; lastKnownFileType = sourcecode.c.objc; path = AppDelegate.m; sourceTree = "<group>"; };
		AEB26AFD1CFE3CDF0050FFA1 /* Start.h */ = {isa = PBXFileReference; lastKnownFileType = sourcecode.c.h; path = Start.h; sourceTree = "<group>"; };
		AEB26AFE1CFE3CDF0050FFA1 /* Start.m */ = {isa = PBXFileReference; lastKnownFileType = sourcecode.c.objc; path = Start.m; sourceTree = "<group>"; };
		AEB26B011CFE3CDF0050FFA1 /* Base */ = {isa = PBXFileReference; lastKnownFileType = file.storyboard; name = Base; path = Base.lproj/Main.storyboard; sourceTree = "<group>"; };
		AEB26B041CFE3CDF0050FFA1 /* Lab3GameOfThrones.xcdatamodel */ = {isa = PBXFileReference; lastKnownFileType = wrapper.xcdatamodel; path = Lab3GameOfThrones.xcdatamodel; sourceTree = "<group>"; };
		AEB26B061CFE3CE00050FFA1 /* Assets.xcassets */ = {isa = PBXFileReference; lastKnownFileType = folder.assetcatalog; path = Assets.xcassets; sourceTree = "<group>"; };
		AEB26B091CFE3CE00050FFA1 /* Base */ = {isa = PBXFileReference; lastKnownFileType = file.storyboard; name = Base; path = Base.lproj/LaunchScreen.storyboard; sourceTree = "<group>"; };
		AEB26B0B1CFE3CE00050FFA1 /* Info.plist */ = {isa = PBXFileReference; lastKnownFileType = text.plist.xml; path = Info.plist; sourceTree = "<group>"; };
		AEB26B161CFE74220050FFA1 /* Joffrey.png */ = {isa = PBXFileReference; lastKnownFileType = image.png; path = Joffrey.png; sourceTree = "<group>"; };
		AEB26B171CFE74220050FFA1 /* prince oberyn.jpg */ = {isa = PBXFileReference; lastKnownFileType = image.jpeg; path = "prince oberyn.jpg"; sourceTree = "<group>"; };
		AEB26B181CFE74220050FFA1 /* robert baratheon.jpg */ = {isa = PBXFileReference; lastKnownFileType = image.jpeg; path = "robert baratheon.jpg"; sourceTree = "<group>"; };
		AEB26B191CFE74220050FFA1 /* Shireen Baratheon.png */ = {isa = PBXFileReference; lastKnownFileType = image.png; path = "Shireen Baratheon.png"; sourceTree = "<group>"; };
/* End PBXFileReference section */

/* Begin PBXFrameworksBuildPhase section */
		AEB26AF11CFE3CDF0050FFA1 /* Frameworks */ = {
			isa = PBXFrameworksBuildPhase;
			buildActionMask = 2147483647;
			files = (
			);
			runOnlyForDeploymentPostprocessing = 0;
		};
/* End PBXFrameworksBuildPhase section */

/* Begin PBXGroup section */
		AEB26AEB1CFE3CDF0050FFA1 = {
			isa = PBXGroup;
			children = (
				AEB26AF61CFE3CDF0050FFA1 /* Lab3GameOfThrones */,
				AEB26AF51CFE3CDF0050FFA1 /* Products */,
			);
			sourceTree = "<group>";
		};
		AEB26AF51CFE3CDF0050FFA1 /* Products */ = {
			isa = PBXGroup;
			children = (
				AEB26AF41CFE3CDF0050FFA1 /* Lab3GameOfThrones.app */,
			);
			name = Products;
			sourceTree = "<group>";
		};
		AEB26AF61CFE3CDF0050FFA1 /* Lab3GameOfThrones */ = {
			isa = PBXGroup;
			children = (
				AEB26B151CFE74220050FFA1 /* Images */,
				AEB26B111CFE3F410050FFA1 /* Main */,
				AEB26B121CFE3F4F0050FFA1 /* Controllers */,
				AEB26B001CFE3CDF0050FFA1 /* Main.storyboard */,
				AEB26B061CFE3CE00050FFA1 /* Assets.xcassets */,
				AEB26B081CFE3CE00050FFA1 /* LaunchScreen.storyboard */,
				AEB26B0B1CFE3CE00050FFA1 /* Info.plist */,
				AEB26B031CFE3CDF0050FFA1 /* Lab3GameOfThrones.xcdatamodeld */,
				AEB26AF71CFE3CDF0050FFA1 /* Supporting Files */,
			);
			path = Lab3GameOfThrones;
			sourceTree = "<group>";
		};
		AEB26AF71CFE3CDF0050FFA1 /* Supporting Files */ = {
			isa = PBXGroup;
			children = (
				AEB26AF81CFE3CDF0050FFA1 /* main.m */,
			);
			name = "Supporting Files";
			sourceTree = "<group>";
		};
		AEB26B111CFE3F410050FFA1 /* Main */ = {
			isa = PBXGroup;
			children = (
				AEB26AFA1CFE3CDF0050FFA1 /* AppDelegate.h */,
				AEB26AFB1CFE3CDF0050FFA1 /* AppDelegate.m */,
			);
			name = Main;
			sourceTree = "<group>";
		};
		AEB26B121CFE3F4F0050FFA1 /* Controllers */ = {
			isa = PBXGroup;
			children = (
				AEB26AFD1CFE3CDF0050FFA1 /* Start.h */,
				AEB26AFE1CFE3CDF0050FFA1 /* Start.m */,
			);
			name = Controllers;
			sourceTree = "<group>";
		};
		AEB26B151CFE74220050FFA1 /* Images */ = {
			isa = PBXGroup;
			children = (
				AEB26B161CFE74220050FFA1 /* Joffrey.png */,
				AEB26B171CFE74220050FFA1 /* prince oberyn.jpg */,
				AEB26B181CFE74220050FFA1 /* robert baratheon.jpg */,
				AEB26B191CFE74220050FFA1 /* Shireen Baratheon.png */,
			);
			path = Images;
			sourceTree = "<group>";
		};
/* End PBXGroup section */

/* Begin PBXNativeTarget section */
		AEB26AF31CFE3CDF0050FFA1 /* Lab3GameOfThrones */ = {
			isa = PBXNativeTarget;
			buildConfigurationList = AEB26B0E1CFE3CE00050FFA1 /* Build configuration list for PBXNativeTarget "Lab3GameOfThrones" */;
			buildPhases = (
				AEB26AF01CFE3CDF0050FFA1 /* Sources */,
				AEB26AF11CFE3CDF0050FFA1 /* Frameworks */,
				AEB26AF21CFE3CDF0050FFA1 /* Resources */,
			);
			buildRules = (
			);
			dependencies = (
			);
			name = Lab3GameOfThrones;
			productName = Lab3GameOfThrones;
			productReference = AEB26AF41CFE3CDF0050FFA1 /* Lab3GameOfThrones.app */;
			productType = "com.apple.product-type.application";
		};
/* End PBXNativeTarget section */

/* Begin PBXProject section */
		AEB26AEC1CFE3CDF0050FFA1 /* Project object */ = {
			isa = PBXProject;
			attributes = {
				LastUpgradeCheck = 0710;
				ORGANIZATIONNAME = Haydee;
				TargetAttributes = {
					AEB26AF31CFE3CDF0050FFA1 = {
						CreatedOnToolsVersion = 7.1.1;
					};
				};
			};
			buildConfigurationList = AEB26AEF1CFE3CDF0050FFA1 /* Build configuration list for PBXProject "Lab3GameOfThrones" */;
			compatibilityVersion = "Xcode 3.2";
			developmentRegion = English;
			hasScannedForEncodings = 0;
			knownRegions = (
				en,
				Base,
			);
			mainGroup = AEB26AEB1CFE3CDF0050FFA1;
			productRefGroup = AEB26AF51CFE3CDF0050FFA1 /* Products */;
			projectDirPath = "";
			projectRoot = "";
			targets = (
				AEB26AF31CFE3CDF0050FFA1 /* Lab3GameOfThrones */,
			);
		};
/* End PBXProject section */

/* Begin PBXResourcesBuildPhase section */
		AEB26AF21CFE3CDF0050FFA1 /* Resources */ = {
			isa = PBXResourcesBuildPhase;
			buildActionMask = 2147483647;
			files = (
				AEB26B1B1CFE74220050FFA1 /* prince oberyn.jpg in Resources */,
				AEB26B1D1CFE74220050FFA1 /* Shireen Baratheon.png in Resources */,
				AEB26B0A1CFE3CE00050FFA1 /* LaunchScreen.storyboard in Resources */,
				AEB26B071CFE3CE00050FFA1 /* Assets.xcassets in Resources */,
				AEB26B1C1CFE74220050FFA1 /* robert baratheon.jpg in Resources */,
				AEB26B021CFE3CDF0050FFA1 /* Main.storyboard in Resources */,
				AEB26B1A1CFE74220050FFA1 /* Joffrey.png in Resources */,
			);
			runOnlyForDeploymentPostprocessing = 0;
		};
/* End PBXResourcesBuildPhase section */

/* Begin PBXSourcesBuildPhase section */
		AEB26AF01CFE3CDF0050FFA1 /* Sources */ = {
			isa = PBXSourcesBuildPhase;
			buildActionMask = 2147483647;
			files = (
				AEB26AFF1CFE3CDF0050FFA1 /* Start.m in Sources */,
				AEB26AFC1CFE3CDF0050FFA1 /* AppDelegate.m in Sources */,
				AEB26B051CFE3CE00050FFA1 /* Lab3GameOfThrones.xcdatamodeld in Sources */,
				AEB26AF91CFE3CDF0050FFA1 /* main.m in Sources */,
			);
			runOnlyForDeploymentPostprocessing = 0;
		};
/* End PBXSourcesBuildPhase section */

/* Begin PBXVariantGroup section */
		AEB26B001CFE3CDF0050FFA1 /* Main.storyboard */ = {
			isa = PBXVariantGroup;
			children = (
				AEB26B011CFE3CDF0050FFA1 /* Base */,
			);
			name = Main.storyboard;
			sourceTree = "<group>";
		};
		AEB26B081CFE3CE00050FFA1 /* LaunchScreen.storyboard */ = {
			isa = PBXVariantGroup;
			children = (
				AEB26B091CFE3CE00050FFA1 /* Base */,
			);
			name = LaunchScreen.storyboard;
			sourceTree = "<group>";
		};
/* End PBXVariantGroup section */

/* Begin XCBuildConfiguration section */
		AEB26B0C1CFE3CE00050FFA1 /* Debug */ = {
			isa = XCBuildConfiguration;
			buildSettings = {
				ALWAYS_SEARCH_USER_PATHS = NO;
				CLANG_CXX_LANGUAGE_STANDARD = "gnu++0x";
				CLANG_CXX_LIBRARY = "libc++";
				CLANG_ENABLE_MODULES = YES;
				CLANG_ENABLE_OBJC_ARC = YES;
				CLANG_WARN_BOOL_CONVERSION = YES;
				CLANG_WARN_CONSTANT_CONVERSION = YES;
				CLANG_WARN_DIRECT_OBJC_ISA_USAGE = YES_ERROR;
				CLANG_WARN_EMPTY_BODY = YES;
				CLANG_WARN_ENUM_CONVERSION = YES;
				CLANG_WARN_INT_CONVERSION = YES;
				CLANG_WARN_OBJC_ROOT_CLASS = YES_ERROR;
				CLANG_WARN_UNREACHABLE_CODE = YES;
				CLANG_WARN__DUPLICATE_METHOD_MATCH = YES;
				"CODE_SIGN_IDENTITY[sdk=iphoneos*]" = "iPhone Developer";
				COPY_PHASE_STRIP = NO;
				DEBUG_INFORMATION_FORMAT = dwarf;
				ENABLE_STRICT_OBJC_MSGSEND = YES;
				ENABLE_TESTABILITY = YES;
				GCC_C_LANGUAGE_STANDARD = gnu99;
				GCC_DYNAMIC_NO_PIC = NO;
				GCC_NO_COMMON_BLOCKS = YES;
				GCC_OPTIMIZATION_LEVEL = 0;
				GCC_PREPROCESSOR_DEFINITIONS = (
					"DEBUG=1",
					"$(inherited)",
				);
				GCC_WARN_64_TO_32_BIT_CONVERSION = YES;
				GCC_WARN_ABOUT_RETURN_TYPE = YES_ERROR;
				GCC_WARN_UNDECLARED_SELECTOR = YES;
				GCC_WARN_UNINITIALIZED_AUTOS = YES_AGGRESSIVE;
				GCC_WARN_UNUSED_FUNCTION = YES;
				GCC_WARN_UNUSED_VARIABLE = YES;
				IPHONEOS_DEPLOYMENT_TARGET = 9.1;
				MTL_ENABLE_DEBUG_INFO = YES;
				ONLY_ACTIVE_ARCH = YES;
				SDKROOT = iphoneos;
				TARGETED_DEVICE_FAMILY = "1,2";
			};
			name = Debug;
		};
		AEB26B0D1CFE3CE00050FFA1 /* Release */ = {
			isa = XCBuildConfiguration;
			buildSettings = {
				ALWAYS_SEARCH_USER_PATHS = NO;
				CLANG_CXX_LANGUAGE_STANDARD = "gnu++0x";
				CLANG_CXX_LIBRARY = "libc++";
				CLANG_ENABLE_MODULES = YES;
				CLANG_ENABLE_OBJC_ARC = YES;
				CLANG_WARN_BOOL_CONVERSION = YES;
				CLANG_WARN_CONSTANT_CONVERSION = YES;
				CLANG_WARN_DIRECT_OBJC_ISA_USAGE = YES_ERROR;
				CLANG_WARN_EMPTY_BODY = YES;
				CLANG_WARN_ENUM_CONVERSION = YES;
				CLANG_WARN_INT_CONVERSION = YES;
				CLANG_WARN_OBJC_ROOT_CLASS = YES_ERROR;
				CLANG_WARN_UNREACHABLE_CODE = YES;
				CLANG_WARN__DUPLICATE_METHOD_MATCH = YES;
				"CODE_SIGN_IDENTITY[sdk=iphoneos*]" = "iPhone Developer";
				COPY_PHASE_STRIP = NO;
				DEBUG_INFORMATION_FORMAT = "dwarf-with-dsym";
				ENABLE_NS_ASSERTIONS = NO;
				ENABLE_STRICT_OBJC_MSGSEND = YES;
				GCC_C_LANGUAGE_STANDARD = gnu99;
				GCC_NO_COMMON_BLOCKS = YES;
				GCC_WARN_64_TO_32_BIT_CONVERSION = YES;
				GCC_WARN_ABOUT_RETURN_TYPE = YES_ERROR;
				GCC_WARN_UNDECLARED_SELECTOR = YES;
				GCC_WARN_UNINITIALIZED_AUTOS = YES_AGGRESSIVE;
				GCC_WARN_UNUSED_FUNCTION = YES;
				GCC_WARN_UNUSED_VARIABLE = YES;
				IPHONEOS_DEPLOYMENT_TARGET = 9.1;
				MTL_ENABLE_DEBUG_INFO = NO;
				SDKROOT = iphoneos;
				TARGETED_DEVICE_FAMILY = "1,2";
				VALIDATE_PRODUCT = YES;
			};
			name = Release;
		};
		AEB26B0F1CFE3CE00050FFA1 /* Debug */ = {
			isa = XCBuildConfiguration;
			buildSettings = {
				ASSETCATALOG_COMPILER_APPICON_NAME = AppIcon;
				INFOPLIST_FILE = Lab3GameOfThrones/Info.plist;
				LD_RUNPATH_SEARCH_PATHS = "$(inherited) @executable_path/Frameworks";
				PRODUCT_BUNDLE_IDENTIFIER = com.haydee.Lab3GameOfThrones;
				PRODUCT_NAME = "$(TARGET_NAME)";
			};
			name = Debug;
		};
		AEB26B101CFE3CE00050FFA1 /* Release */ = {
			isa = XCBuildConfiguration;
			buildSettings = {
				ASSETCATALOG_COMPILER_APPICON_NAME = AppIcon;
				INFOPLIST_FILE = Lab3GameOfThrones/Info.plist;
				LD_RUNPATH_SEARCH_PATHS = "$(inherited) @executable_path/Frameworks";
				PRODUCT_BUNDLE_IDENTIFIER = com.haydee.Lab3GameOfThrones;
				PRODUCT_NAME = "$(TARGET_NAME)";
			};
			name = Release;
		};
/* End XCBuildConfiguration section */

/* Begin XCConfigurationList section */
		AEB26AEF1CFE3CDF0050FFA1 /* Build configuration list for PBXProject "Lab3GameOfThrones" */ = {
			isa = XCConfigurationList;
			buildConfigurations = (
				AEB26B0C1CFE3CE00050FFA1 /* Debug */,
				AEB26B0D1CFE3CE00050FFA1 /* Release */,
			);
			defaultConfigurationIsVisible = 0;
			defaultConfigurationName = Release;
		};
		AEB26B0E1CFE3CE00050FFA1 /* Build configuration list for PBXNativeTarget "Lab3GameOfThrones" */ = {
			isa = XCConfigurationList;
			buildConfigurations = (
				AEB26B0F1CFE3CE00050FFA1 /* Debug */,
				AEB26B101CFE3CE00050FFA1 /* Release */,
			);
			defaultConfigurationIsVisible = 0;
		};
/* End XCConfigurationList section */

/* Begin XCVersionGroup section */
		AEB26B031CFE3CDF0050FFA1 /* Lab3GameOfThrones.xcdatamodeld */ = {
			isa = XCVersionGroup;
			children = (
				AEB26B041CFE3CDF0050FFA1 /* Lab3GameOfThrones.xcdatamodel */,
			);
			currentVersion = AEB26B041CFE3CDF0050FFA1 /* Lab3GameOfThrones.xcdatamodel */;
			path = Lab3GameOfThrones.xcdatamodeld;
			sourceTree = "<group>";
			versionGroupType = wrapper.xcdatamodel;
		};
/* End XCVersionGroup section */
	};
	rootObject = AEB26AEC1CFE3CDF0050FFA1 /* Project object */;
}
